
Microsoft Visual Studio Solution File, Format Version 12.00
# Visual Studio Version 17
VisualStudioVersion = 17.8.34408.163
MinimumVisualStudioVersion = 10.0.40219.1
Project("{9A19103F-16F7-4668-BE54-9A1E7A4F7556}") = "Nadin.WebApi", "Nadin.WebApi\Nadin.WebApi.csproj", "{1B6A7B79-B281-40C5-8B90-B3C53C193B5E}"
EndProject
Project("{9A19103F-16F7-4668-BE54-9A1E7A4F7556}") = "Nadin.Domain", "Nadin.Domain\Nadin.Domain.csproj", "{8EE2A0E9-2EAA-4917-A48F-F246423A29DE}"
EndProject
Project("{9A19103F-16F7-4668-BE54-9A1E7A4F7556}") = "Nadin.Application", "Nadin.Application\Nadin.Application.csproj", "{521F7822-DBBC-43C7-ABB3-D073E7216D36}"
EndProject
Project("{FAE04EC0-301F-11D3-BF4B-00C04F79EFBC}") = "Nadin.Dal", "Nadin.Dal\Nadin.Dal.csproj", "{18818BC1-FA26-412D-9CFC-C93A08581F65}"
EndProject
Global
	GlobalSection(SolutionConfigurationPlatforms) = preSolution
		Debug|Any CPU = Debug|Any CPU
		Release|Any CPU = Release|Any CPU
	EndGlobalSection
	GlobalSection(ProjectConfigurationPlatforms) = postSolution
		{1B6A7B79-B281-40C5-8B90-B3C53C193B5E}.Debug|Any CPU.ActiveCfg = Debug|Any CPU
		{1B6A7B79-B281-40C5-8B90-B3C53C193B5E}.Debug|Any CPU.Build.0 = Debug|Any CPU
		{1B6A7B79-B281-40C5-8B90-B3C53C193B5E}.Release|Any CPU.ActiveCfg = Release|Any CPU
		{1B6A7B79-B281-40C5-8B90-B3C53C193B5E}.Release|Any CPU.Build.0 = Release|Any CPU
		{8EE2A0E9-2EAA-4917-A48F-F246423A29DE}.Debug|Any CPU.ActiveCfg = Debug|Any CPU
		{8EE2A0E9-2EAA-4917-A48F-F246423A29DE}.Debug|Any CPU.Build.0 = Debug|Any CPU
		{8EE2A0E9-2EAA-4917-A48F-F246423A29DE}.Release|Any CPU.ActiveCfg = Release|Any CPU
		{8EE2A0E9-2EAA-4917-A48F-F246423A29DE}.Release|Any CPU.Build.0 = Release|Any CPU
		{521F7822-DBBC-43C7-ABB3-D073E7216D36}.Debug|Any CPU.ActiveCfg = Debug|Any CPU
		{521F7822-DBBC-43C7-ABB3-D073E7216D36}.Debug|Any CPU.Build.0 = Debug|Any CPU
		{521F7822-DBBC-43C7-ABB3-D073E7216D36}.Release|Any CPU.ActiveCfg = Release|Any CPU
		{521F7822-DBBC-43C7-ABB3-D073E7216D36}.Release|Any CPU.Build.0 = Release|Any CPU
		{18818BC1-FA26-412D-9CFC-C93A08581F65}.Debug|Any CPU.ActiveCfg = Debug|Any CPU
		{18818BC1-FA26-412D-9CFC-C93A08581F65}.Debug|Any CPU.Build.0 = Debug|Any CPU
		{18818BC1-FA26-412D-9CFC-C93A08581F65}.Release|Any CPU.ActiveCfg = Release|Any CPU
		{18818BC1-FA26-412D-9CFC-C93A08581F65}.Release|Any CPU.Build.0 = Release|Any CPU
	EndGlobalSection
	GlobalSection(SolutionProperties) = preSolution
		HideSolutionNode = FALSE
	EndGlobalSection
	GlobalSection(ExtensibilityGlobals) = postSolution
		SolutionGuid = {9CE3074A-E9F4-456B-B481-F66FFA583579}
	EndGlobalSection
EndGlobal
